
Microsoft Visual Studio Solution File, Format Version 12.00
# Visual Studio 15
VisualStudioVersion = 15.0.28307.329
MinimumVisualStudioVersion = 10.0.40219.1
Project("{9A19103F-16F7-4668-BE54-9A1E7A4F7556}") = "REST_EF_MVC", "REST_EF_MVC\REST_EF_MVC.csproj", "{B32D0532-C577-4C78-A73A-9C394E932BB1}"
EndProject
Project("{FAE04EC0-301F-11D3-BF4B-00C04F79EFBC}") = "REST_EF_MVC.web", "REST_EF_MVC.web\REST_EF_MVC.web.csproj", "{6A950B56-ED40-47B4-A3EF-59EAA7528A50}"
EndProject
Global
	GlobalSection(SolutionConfigurationPlatforms) = preSolution
		Debug|Any CPU = Debug|Any CPU
		Release|Any CPU = Release|Any CPU
	EndGlobalSection
	GlobalSection(ProjectConfigurationPlatforms) = postSolution
		{B32D0532-C577-4C78-A73A-9C394E932BB1}.Debug|Any CPU.ActiveCfg = Debug|Any CPU
		{B32D0532-C577-4C78-A73A-9C394E932BB1}.Debug|Any CPU.Build.0 = Debug|Any CPU
		{B32D0532-C577-4C78-A73A-9C394E932BB1}.Release|Any CPU.ActiveCfg = Release|Any CPU
		{B32D0532-C577-4C78-A73A-9C394E932BB1}.Release|Any CPU.Build.0 = Release|Any CPU
		{6A950B56-ED40-47B4-A3EF-59EAA7528A50}.Debug|Any CPU.ActiveCfg = Debug|Any CPU
		{6A950B56-ED40-47B4-A3EF-59EAA7528A50}.Debug|Any CPU.Build.0 = Debug|Any CPU
		{6A950B56-ED40-47B4-A3EF-59EAA7528A50}.Release|Any CPU.ActiveCfg = Release|Any CPU
		{6A950B56-ED40-47B4-A3EF-59EAA7528A50}.Release|Any CPU.Build.0 = Release|Any CPU
	EndGlobalSection
	GlobalSection(SolutionProperties) = preSolution
		HideSolutionNode = FALSE
	EndGlobalSection
	GlobalSection(ExtensibilityGlobals) = postSolution
		SolutionGuid = {27BA20B8-73BB-468C-B0C4-1652A0ECC2ED}
	EndGlobalSection
EndGlobal
