
Microsoft Visual Studio Solution File, Format Version 12.00
# Visual Studio Version 16
VisualStudioVersion = 25.0.1703.2
MinimumVisualStudioVersion = 10.0.40219.1
Project("{FAE04EC0-301F-11D3-BF4B-00C04F79EFBC}") = "ASP_REST", "ASP_REST\ASP_REST.csproj", "{F9710718-3EE7-4617-8908-229698733D0E}"
EndProject
Project("{FAE04EC0-301F-11D3-BF4B-00C04F79EFBC}") = "Angular_SPA", "Angular_SPA\Angular_SPA.csproj", "{E70448CF-6783-4019-A1E2-6195763867D9}"
EndProject
Global
	GlobalSection(SolutionConfigurationPlatforms) = preSolution
		Debug|Any CPU = Debug|Any CPU
		Release|Any CPU = Release|Any CPU
	EndGlobalSection
	GlobalSection(ProjectConfigurationPlatforms) = postSolution
		{F9710718-3EE7-4617-8908-229698733D0E}.Debug|Any CPU.ActiveCfg = Debug|Any CPU
		{F9710718-3EE7-4617-8908-229698733D0E}.Debug|Any CPU.Build.0 = Debug|Any CPU
		{F9710718-3EE7-4617-8908-229698733D0E}.Release|Any CPU.ActiveCfg = Release|Any CPU
		{F9710718-3EE7-4617-8908-229698733D0E}.Release|Any CPU.Build.0 = Release|Any CPU
		{E70448CF-6783-4019-A1E2-6195763867D9}.Debug|Any CPU.ActiveCfg = Debug|Any CPU
		{E70448CF-6783-4019-A1E2-6195763867D9}.Debug|Any CPU.Build.0 = Debug|Any CPU
		{E70448CF-6783-4019-A1E2-6195763867D9}.Release|Any CPU.ActiveCfg = Release|Any CPU
		{E70448CF-6783-4019-A1E2-6195763867D9}.Release|Any CPU.Build.0 = Release|Any CPU
	EndGlobalSection
	GlobalSection(SolutionProperties) = preSolution
		HideSolutionNode = FALSE
	EndGlobalSection
	GlobalSection(ExtensibilityGlobals) = postSolution
		SolutionGuid = {C9348AB8-20F5-4E22-BDCB-B27701EC88FB}
	EndGlobalSection
EndGlobal
